Microsoft Visual Studio Solution File, Format Version 11.00
# Visual Studio 2008

Project("{143749DC-4EDF-2F34-BE22-6A138684B4E2}") = "SwarmLike", "Assembly-CSharp.csproj", "{062A6B09-F92F-448E-EC6B-3693DF601BA2}"
EndProject
Global
	GlobalSection(SolutionConfigurationPlatforms) = preSolution
		Debug|Any CPU = Debug|Any CPU
		Release|Any CPU = Release|Any CPU
	EndGlobalSection
	GlobalSection(ProjectConfigurationPlatforms) = postSolution
		{062A6B09-F92F-448E-EC6B-3693DF601BA2}.Debug|Any CPU.ActiveCfg = Debug|Any CPU
		{062A6B09-F92F-448E-EC6B-3693DF601BA2}.Debug|Any CPU.Build.0 = Debug|Any CPU
		{062A6B09-F92F-448E-EC6B-3693DF601BA2}.Release|Any CPU.ActiveCfg = Release|Any CPU
		{062A6B09-F92F-448E-EC6B-3693DF601BA2}.Release|Any CPU.Build.0 = Release|Any CPU
	EndGlobalSection
	GlobalSection(SolutionProperties) = preSolution
		HideSolutionNode = FALSE
	EndGlobalSection
	GlobalSection(MonoDevelopProperties) = preSolution
		StartupItem = Assembly-CSharp.csproj
	EndGlobalSection
EndGlobal
